
Microsoft Visual Studio Solution File, Format Version 12.00
# Visual Studio Version 16
VisualStudioVersion = 16.0.30114.105
MinimumVisualStudioVersion = 10.0.40219.1
Project("{2150E333-8FDC-42A3-9474-1A3956D46DE8}") = "gen", "gen", "{74D7E260-FCDB-4532-AB7A-E2F8E9CFF5B2}"
EndProject
Project("{FAE04EC0-301F-11D3-BF4B-00C04F79EFBC}") = "SMF.SourceGenerator.Abstractions", "gen\SMF.SourceGenerator.Abstractions\SMF.SourceGenerator.Abstractions.csproj", "{B1A5A8EC-137D-46CE-9FDB-FDC465E8ADFB}"
EndProject
Project("{FAE04EC0-301F-11D3-BF4B-00C04F79EFBC}") = "SMF.SourceGenerator.Core", "gen\SMF.SourceGenerator.Core\SMF.SourceGenerator.Core.csproj", "{EF7646B9-557A-4060-AD70-2AF66F2E0281}"
EndProject
Project("{FAE04EC0-301F-11D3-BF4B-00C04F79EFBC}") = "SMF.EFModel.Generator", "gen\SMF.EFModel.Generator\SMF.EFModel.Generator.csproj", "{053FBC12-B5F7-4AC6-82DE-9E5DB42FBBF7}"
EndProject
Project("{2150E333-8FDC-42A3-9474-1A3956D46DE8}") = "src", "src", "{D180402E-A109-48BC-B2A1-B5EA7FA78063}"
EndProject
Project("{FAE04EC0-301F-11D3-BF4B-00C04F79EFBC}") = "SampleApp", "src\SampleApp\SampleApp.csproj", "{A431FFD1-D77B-4C70-B88C-981A2EA3FF68}"
EndProject
Global
	GlobalSection(SolutionConfigurationPlatforms) = preSolution
		Debug|Any CPU = Debug|Any CPU
		Release|Any CPU = Release|Any CPU
	EndGlobalSection
	GlobalSection(SolutionProperties) = preSolution
		HideSolutionNode = FALSE
	EndGlobalSection
	GlobalSection(ProjectConfigurationPlatforms) = postSolution
		{B1A5A8EC-137D-46CE-9FDB-FDC465E8ADFB}.Debug|Any CPU.ActiveCfg = Debug|Any CPU
		{B1A5A8EC-137D-46CE-9FDB-FDC465E8ADFB}.Debug|Any CPU.Build.0 = Debug|Any CPU
		{B1A5A8EC-137D-46CE-9FDB-FDC465E8ADFB}.Release|Any CPU.ActiveCfg = Release|Any CPU
		{B1A5A8EC-137D-46CE-9FDB-FDC465E8ADFB}.Release|Any CPU.Build.0 = Release|Any CPU
		{EF7646B9-557A-4060-AD70-2AF66F2E0281}.Debug|Any CPU.ActiveCfg = Debug|Any CPU
		{EF7646B9-557A-4060-AD70-2AF66F2E0281}.Debug|Any CPU.Build.0 = Debug|Any CPU
		{EF7646B9-557A-4060-AD70-2AF66F2E0281}.Release|Any CPU.ActiveCfg = Release|Any CPU
		{EF7646B9-557A-4060-AD70-2AF66F2E0281}.Release|Any CPU.Build.0 = Release|Any CPU
		{053FBC12-B5F7-4AC6-82DE-9E5DB42FBBF7}.Debug|Any CPU.ActiveCfg = Debug|Any CPU
		{053FBC12-B5F7-4AC6-82DE-9E5DB42FBBF7}.Debug|Any CPU.Build.0 = Debug|Any CPU
		{053FBC12-B5F7-4AC6-82DE-9E5DB42FBBF7}.Release|Any CPU.ActiveCfg = Release|Any CPU
		{053FBC12-B5F7-4AC6-82DE-9E5DB42FBBF7}.Release|Any CPU.Build.0 = Release|Any CPU
		{A431FFD1-D77B-4C70-B88C-981A2EA3FF68}.Debug|Any CPU.ActiveCfg = Debug|Any CPU
		{A431FFD1-D77B-4C70-B88C-981A2EA3FF68}.Debug|Any CPU.Build.0 = Debug|Any CPU
		{A431FFD1-D77B-4C70-B88C-981A2EA3FF68}.Release|Any CPU.ActiveCfg = Release|Any CPU
		{A431FFD1-D77B-4C70-B88C-981A2EA3FF68}.Release|Any CPU.Build.0 = Release|Any CPU
	EndGlobalSection
	GlobalSection(NestedProjects) = preSolution
		{B1A5A8EC-137D-46CE-9FDB-FDC465E8ADFB} = {74D7E260-FCDB-4532-AB7A-E2F8E9CFF5B2}
		{EF7646B9-557A-4060-AD70-2AF66F2E0281} = {74D7E260-FCDB-4532-AB7A-E2F8E9CFF5B2}
		{053FBC12-B5F7-4AC6-82DE-9E5DB42FBBF7} = {74D7E260-FCDB-4532-AB7A-E2F8E9CFF5B2}
		{A431FFD1-D77B-4C70-B88C-981A2EA3FF68} = {D180402E-A109-48BC-B2A1-B5EA7FA78063}
	EndGlobalSection
EndGlobal
